{
  "name": "formula-field-parsing",
  "version": "1.0.0",
  "lockfileVersion": 1,
  "requires": true,
  "dependencies": {
    "find-insert-index": {
      "version": "0.0.1",
      "resolved": "https://registry.npmjs.org/find-insert-index/-/find-insert-index-0.0.1.tgz",
      "integrity": "sha1-Fs00ZkwqwjOQWrKzl0W87HITYt4="
    },
    "mergesort": {
      "version": "0.0.1",
      "resolved": "https://registry.npmjs.org/mergesort/-/mergesort-0.0.1.tgz",
      "integrity": "sha1-Nk7MMbKX3H9E5RHTZRdvHDnQj8I="
    },
    "tree-model": {
      "version": "1.0.7",
      "resolved": "https://registry.npmjs.org/tree-model/-/tree-model-1.0.7.tgz",
      "integrity": "sha512-oP4LUbCVtD2gcjcRaeI4L5hY60tHzB+AK/bthIJ2Pq1EUUOio5/xFzPWnGoBZlhtqpqbOkhFDzKIwKLOn0kccQ==",
      "requires": {
        "find-insert-index": "0.0.1",
        "mergesort": "0.0.1"
      }
    }
  }
}
